// !$*UTF8*$!
{
	archiveVersion = 1;
	classes = {
	};
	objectVersion = 48;
	objects = {

/* Begin PBXBuildFile section */
		C62B8EE31F9A6022003D37FD /* StudentLocation-OLD.swift in Sources */ = {isa = PBXBuildFile; fileRef = C62B8EE21F9A6022003D37FD /* StudentLocation-OLD.swift */; };
		C62B8EE51F9A6874003D37FD /* UdacityGetPostMethods.swift in Sources */ = {isa = PBXBuildFile; fileRef = C62B8EE41F9A6874003D37FD /* UdacityGetPostMethods.swift */; };
		C62B8EE71F9A69DD003D37FD /* UdacityConstants.swift in Sources */ = {isa = PBXBuildFile; fileRef = C62B8EE61F9A69DD003D37FD /* UdacityConstants.swift */; };
		C63B68051F96601A00617549 /* AppDelegate.swift in Sources */ = {isa = PBXBuildFile; fileRef = C63B68041F96601A00617549 /* AppDelegate.swift */; };
		C63B68071F96601A00617549 /* ViewController.swift in Sources */ = {isa = PBXBuildFile; fileRef = C63B68061F96601A00617549 /* ViewController.swift */; };
		C63B680A1F96601A00617549 /* Main.storyboard in Resources */ = {isa = PBXBuildFile; fileRef = C63B68081F96601A00617549 /* Main.storyboard */; };
		C63B680D1F96601A00617549 /* OnTheMap.xcdatamodeld in Sources */ = {isa = PBXBuildFile; fileRef = C63B680B1F96601A00617549 /* OnTheMap.xcdatamodeld */; };
		C63B680F1F96601A00617549 /* Assets.xcassets in Resources */ = {isa = PBXBuildFile; fileRef = C63B680E1F96601A00617549 /* Assets.xcassets */; };
		C63B68121F96601A00617549 /* LaunchScreen.storyboard in Resources */ = {isa = PBXBuildFile; fileRef = C63B68101F96601A00617549 /* LaunchScreen.storyboard */; };
		C63B681D1F96601B00617549 /* OnTheMapTests.swift in Sources */ = {isa = PBXBuildFile; fileRef = C63B681C1F96601B00617549 /* OnTheMapTests.swift */; };
		C63B68281F96601B00617549 /* OnTheMapUITests.swift in Sources */ = {isa = PBXBuildFile; fileRef = C63B68271F96601B00617549 /* OnTheMapUITests.swift */; };
		C63B68361F9669B000617549 /* ListVC.swift in Sources */ = {isa = PBXBuildFile; fileRef = C63B68351F9669B000617549 /* ListVC.swift */; };
		C63B68381F96752C00617549 /* MapVC.swift in Sources */ = {isa = PBXBuildFile; fileRef = C63B68371F96752C00617549 /* MapVC.swift */; };
		C63B683A1F967F8900617549 /* TestVC.swift in Sources */ = {isa = PBXBuildFile; fileRef = C63B68391F967F8900617549 /* TestVC.swift */; };
		C63B683C1F96914800617549 /* TestTextDelegate.swift in Sources */ = {isa = PBXBuildFile; fileRef = C63B683B1F96914800617549 /* TestTextDelegate.swift */; };
		C63B683E1F96944200617549 /* AlertMessage.swift in Sources */ = {isa = PBXBuildFile; fileRef = C63B683D1F96944200617549 /* AlertMessage.swift */; };
		C63B68401F96971100617549 /* LoginVC.swift in Sources */ = {isa = PBXBuildFile; fileRef = C63B683F1F96971100617549 /* LoginVC.swift */; };
		C63B68531F96C7B800617549 /* UdacityAPI.swift in Sources */ = {isa = PBXBuildFile; fileRef = C63B68521F96C7B800617549 /* UdacityAPI.swift */; };
		C63B68551F96C7CA00617549 /* ParseAPI.swift in Sources */ = {isa = PBXBuildFile; fileRef = C63B68541F96C7CA00617549 /* ParseAPI.swift */; };
		C63B68571F96C7D900617549 /* FacebookAPI.swift in Sources */ = {isa = PBXBuildFile; fileRef = C63B68561F96C7D800617549 /* FacebookAPI.swift */; };
		C65804F41FBE6EF100FDE56C /* ParseClient.swift in Sources */ = {isa = PBXBuildFile; fileRef = C6AA02571F9EB7210035A572 /* ParseClient.swift */; };
		C65804F51FBE6EF300FDE56C /* ParseClient.swift in Sources */ = {isa = PBXBuildFile; fileRef = C6AA02571F9EB7210035A572 /* ParseClient.swift */; };
		C65804F81FBE71D400FDE56C /* StudentLocations-OLD.swift in Sources */ = {isa = PBXBuildFile; fileRef = C65804F71FBE71D400FDE56C /* StudentLocations-OLD.swift */; };
		C65AE7DD1FAFCF7C0046DEFB /* UdacityConveniences.swift in Sources */ = {isa = PBXBuildFile; fileRef = C65AE7DC1FAFCF7C0046DEFB /* UdacityConveniences.swift */; };
		C65AE7DF1FB0D2580046DEFB /* ConfirmVC.swift in Sources */ = {isa = PBXBuildFile; fileRef = C65AE7DE1FB0D2580046DEFB /* ConfirmVC.swift */; };
		C65AE7E11FB0F9A70046DEFB /* PushedVC.swift in Sources */ = {isa = PBXBuildFile; fileRef = C65AE7E01FB0F9A70046DEFB /* PushedVC.swift */; };
		C65AE7E31FB0FA340046DEFB /* SecondPushVC.swift in Sources */ = {isa = PBXBuildFile; fileRef = C65AE7E21FB0FA340046DEFB /* SecondPushVC.swift */; };
		C65AE7E51FB104BD0046DEFB /* ActivityIndicatorOverlay.swift in Sources */ = {isa = PBXBuildFile; fileRef = C65AE7E41FB104BD0046DEFB /* ActivityIndicatorOverlay.swift */; };
		C65AE8261FB275CB0046DEFB /* UdacityAuthConveniences.swift in Sources */ = {isa = PBXBuildFile; fileRef = C65AE8251FB275C90046DEFB /* UdacityAuthConveniences.swift */; };
		C66545FD1FCA59EA00ECEFE3 /* APIClient.swift in Sources */ = {isa = PBXBuildFile; fileRef = C66545FC1FCA59EA00ECEFE3 /* APIClient.swift */; };
		C66545FF1FCA59F800ECEFE3 /* APIConstants.swift in Sources */ = {isa = PBXBuildFile; fileRef = C66545FE1FCA59F800ECEFE3 /* APIConstants.swift */; };
		C66546011FCA5B3400ECEFE3 /* UdacityPersonalData.swift in Sources */ = {isa = PBXBuildFile; fileRef = C66546001FCA5B3400ECEFE3 /* UdacityPersonalData.swift */; };
		C66546031FCA5C2000ECEFE3 /* GCD.swift in Sources */ = {isa = PBXBuildFile; fileRef = C66546021FCA5C2000ECEFE3 /* GCD.swift */; };
		C6A14CAC1FB2B05A008E9C6C /* TabBarControllerViewController.swift in Sources */ = {isa = PBXBuildFile; fileRef = C6A14CAB1FB2B05A008E9C6C /* TabBarControllerViewController.swift */; };
		C6A14CAE1FB2B330008E9C6C /* NavBarController.swift in Sources */ = {isa = PBXBuildFile; fileRef = C6A14CAD1FB2B330008E9C6C /* NavBarController.swift */; };
		C6AA024E1F9E45F70035A572 /* AddLocationVC.swift in Sources */ = {isa = PBXBuildFile; fileRef = C6AA024D1F9E45F70035A572 /* AddLocationVC.swift */; };
		C6AA02561F9EB6E20035A572 /* UdacityClient.swift in Sources */ = {isa = PBXBuildFile; fileRef = C6AA02551F9EB6E20035A572 /* UdacityClient.swift */; };
		C6AA02581F9EB7210035A572 /* ParseClient.swift in Sources */ = {isa = PBXBuildFile; fileRef = C6AA02571F9EB7210035A572 /* ParseClient.swift */; };
		C6AA025A1F9EB7D60035A572 /* SearchViewController.swift in Sources */ = {isa = PBXBuildFile; fileRef = C6AA02591F9EB7D60035A572 /* SearchViewController.swift */; };
		C6AA026F1F9EB8EA0035A572 /* ParseConstants.swift in Sources */ = {isa = PBXBuildFile; fileRef = C6AA026E1F9EB8EA0035A572 /* ParseConstants.swift */; };
		C6AA02701F9EB8EA0035A572 /* ParseConstants.swift in Sources */ = {isa = PBXBuildFile; fileRef = C6AA026E1F9EB8EA0035A572 /* ParseConstants.swift */; };
		C6AA02711F9EB8EA0035A572 /* ParseConstants.swift in Sources */ = {isa = PBXBuildFile; fileRef = C6AA026E1F9EB8EA0035A572 /* ParseConstants.swift */; };
		C6AA02731F9EB9CE0035A572 /* GCDBlackbox.swift in Sources */ = {isa = PBXBuildFile; fileRef = C6AA02721F9EB9CE0035A572 /* GCDBlackbox.swift */; };
		C6AA02741F9EB9CE0035A572 /* GCDBlackbox.swift in Sources */ = {isa = PBXBuildFile; fileRef = C6AA02721F9EB9CE0035A572 /* GCDBlackbox.swift */; };
		C6AA02751F9EB9CE0035A572 /* GCDBlackbox.swift in Sources */ = {isa = PBXBuildFile; fileRef = C6AA02721F9EB9CE0035A572 /* GCDBlackbox.swift */; };
		C6AA02771F9EBA720035A572 /* UdacityConvenience.swift in Sources */ = {isa = PBXBuildFile; fileRef = C6AA02761F9EBA720035A572 /* UdacityConvenience.swift */; };
		C6AA02781F9EBA720035A572 /* UdacityConvenience.swift in Sources */ = {isa = PBXBuildFile; fileRef = C6AA02761F9EBA720035A572 /* UdacityConvenience.swift */; };
		C6AA02791F9EBA720035A572 /* UdacityConvenience.swift in Sources */ = {isa = PBXBuildFile; fileRef = C6AA02761F9EBA720035A572 /* UdacityConvenience.swift */; };
		C6AA027B1F9EBA7F0035A572 /* ParseConvenience.swift in Sources */ = {isa = PBXBuildFile; fileRef = C6AA027A1F9EBA7F0035A572 /* ParseConvenience.swift */; };
		C6AA027C1F9EBA7F0035A572 /* ParseConvenience.swift in Sources */ = {isa = PBXBuildFile; fileRef = C6AA027A1F9EBA7F0035A572 /* ParseConvenience.swift */; };
		C6AA027D1F9EBA7F0035A572 /* ParseConvenience.swift in Sources */ = {isa = PBXBuildFile; fileRef = C6AA027A1F9EBA7F0035A572 /* ParseConvenience.swift */; };
		C6DF8AB01FD64DA40080B7E9 /* StudentLocations.swift in Sources */ = {isa = PBXBuildFile; fileRef = C6DF8AAF1FD64DA40080B7E9 /* StudentLocations.swift */; };
		C6DF8AB21FD650DD0080B7E9 /* Alerts.swift in Sources */ = {isa = PBXBuildFile; fileRef = C6DF8AB11FD650DD0080B7E9 /* Alerts.swift */; };
		C6F30AA41FE83DAE00806721 /* StudentMapPins.swift in Sources */ = {isa = PBXBuildFile; fileRef = C6F30AA31FE83DAE00806721 /* StudentMapPins.swift */; };
/* End PBXBuildFile section */

/* Begin PBXContainerItemProxy section */
		C63B68191F96601B00617549 /* PBXContainerItemProxy */ = {
			isa = PBXContainerItemProxy;
			containerPortal = C63B67F91F96601A00617549 /* Project object */;
			proxyType = 1;
			remoteGlobalIDString = C63B68001F96601A00617549;
			remoteInfo = OnTheMap;
		};
		C63B68241F96601B00617549 /* PBXContainerItemProxy */ = {
			isa = PBXContainerItemProxy;
			containerPortal = C63B67F91F96601A00617549 /* Project object */;
			proxyType = 1;
			remoteGlobalIDString = C63B68001F96601A00617549;
			remoteInfo = OnTheMap;
		};
/* End PBXContainerItemProxy section */

/* Begin PBXFileReference section */
		C62B8EE21F9A6022003D37FD /* StudentLocation-OLD.swift */ = {isa = PBXFileReference; lastKnownFileType = sourcecode.swift; path = "StudentLocation-OLD.swift"; sourceTree = "<group>"; };
		C62B8EE41F9A6874003D37FD /* UdacityGetPostMethods.swift */ = {isa = PBXFileReference; lastKnownFileType = sourcecode.swift; path = UdacityGetPostMethods.swift; sourceTree = "<group>"; };
		C62B8EE61F9A69DD003D37FD /* UdacityConstants.swift */ = {isa = PBXFileReference; lastKnownFileType = sourcecode.swift; path = UdacityConstants.swift; sourceTree = "<group>"; };
		C63B68011F96601A00617549 /* OnTheMap.app */ = {isa = PBXFileReference; explicitFileType = wrapper.application; includeInIndex = 0; path = OnTheMap.app; sourceTree = BUILT_PRODUCTS_DIR; };
		C63B68041F96601A00617549 /* AppDelegate.swift */ = {isa = PBXFileReference; lastKnownFileType = sourcecode.swift; path = AppDelegate.swift; sourceTree = "<group>"; };
		C63B68061F96601A00617549 /* ViewController.swift */ = {isa = PBXFileReference; lastKnownFileType = sourcecode.swift; path = ViewController.swift; sourceTree = "<group>"; };
		C63B68091F96601A00617549 /* Base */ = {isa = PBXFileReference; lastKnownFileType = file.storyboard; name = Base; path = Base.lproj/Main.storyboard; sourceTree = "<group>"; };
		C63B680C1F96601A00617549 /* OnTheMap.xcdatamodel */ = {isa = PBXFileReference; lastKnownFileType = wrapper.xcdatamodel; path = OnTheMap.xcdatamodel; sourceTree = "<group>"; };
		C63B680E1F96601A00617549 /* Assets.xcassets */ = {isa = PBXFileReference; lastKnownFileType = folder.assetcatalog; path = Assets.xcassets; sourceTree = "<group>"; };
		C63B68111F96601A00617549 /* Base */ = {isa = PBXFileReference; lastKnownFileType = file.storyboard; name = Base; path = Base.lproj/LaunchScreen.storyboard; sourceTree = "<group>"; };
		C63B68131F96601A00617549 /* Info.plist */ = {isa = PBXFileReference; lastKnownFileType = text.plist.xml; path = Info.plist; sourceTree = "<group>"; };
		C63B68181F96601B00617549 /* OnTheMapTests.xctest */ = {isa = PBXFileReference; explicitFileType = wrapper.cfbundle; includeInIndex = 0; path = OnTheMapTests.xctest; sourceTree = BUILT_PRODUCTS_DIR; };
		C63B681C1F96601B00617549 /* OnTheMapTests.swift */ = {isa = PBXFileReference; lastKnownFileType = sourcecode.swift; path = OnTheMapTests.swift; sourceTree = "<group>"; };
		C63B681E1F96601B00617549 /* Info.plist */ = {isa = PBXFileReference; lastKnownFileType = text.plist.xml; path = Info.plist; sourceTree = "<group>"; };
		C63B68231F96601B00617549 /* OnTheMapUITests.xctest */ = {isa = PBXFileReference; explicitFileType = wrapper.cfbundle; includeInIndex = 0; path = OnTheMapUITests.xctest; sourceTree = BUILT_PRODUCTS_DIR; };
		C63B68271F96601B00617549 /* OnTheMapUITests.swift */ = {isa = PBXFileReference; lastKnownFileType = sourcecode.swift; path = OnTheMapUITests.swift; sourceTree = "<group>"; };
		C63B68291F96601B00617549 /* Info.plist */ = {isa = PBXFileReference; lastKnownFileType = text.plist.xml; path = Info.plist; sourceTree = "<group>"; };
		C63B68351F9669B000617549 /* ListVC.swift */ = {isa = PBXFileReference; lastKnownFileType = sourcecode.swift; path = ListVC.swift; sourceTree = "<group>"; };
		C63B68371F96752C00617549 /* MapVC.swift */ = {isa = PBXFileReference; lastKnownFileType = sourcecode.swift; path = MapVC.swift; sourceTree = "<group>"; };
		C63B68391F967F8900617549 /* TestVC.swift */ = {isa = PBXFileReference; lastKnownFileType = sourcecode.swift; path = TestVC.swift; sourceTree = "<group>"; };
		C63B683B1F96914800617549 /* TestTextDelegate.swift */ = {isa = PBXFileReference; lastKnownFileType = sourcecode.swift; path = TestTextDelegate.swift; sourceTree = "<group>"; };
		C63B683D1F96944200617549 /* AlertMessage.swift */ = {isa = PBXFileReference; lastKnownFileType = sourcecode.swift; path = AlertMessage.swift; sourceTree = "<group>"; };
		C63B683F1F96971100617549 /* LoginVC.swift */ = {isa = PBXFileReference; lastKnownFileType = sourcecode.swift; path = LoginVC.swift; sourceTree = "<group>"; };
		C63B68481F96B18900617549 /* BaseOperation.swift */ = {isa = PBXFileReference; lastKnownFileType = sourcecode.swift; path = BaseOperation.swift; sourceTree = "<group>"; };
		C63B68491F96B18900617549 /* FlickrParseOperation.swift */ = {isa = PBXFileReference; lastKnownFileType = sourcecode.swift; path = FlickrParseOperation.swift; sourceTree = "<group>"; };
		C63B684A1F96B18A00617549 /* OperationState.swift */ = {isa = PBXFileReference; lastKnownFileType = sourcecode.swift; path = OperationState.swift; sourceTree = "<group>"; };
		C63B684B1F96B18A00617549 /* FlickrFetchOperation.swift */ = {isa = PBXFileReference; lastKnownFileType = sourcecode.swift; path = FlickrFetchOperation.swift; sourceTree = "<group>"; };
		C63B684C1F96B19800617549 /* SearchDataSource.swift */ = {isa = PBXFileReference; lastKnownFileType = sourcecode.swift; path = SearchDataSource.swift; sourceTree = "<group>"; };
		C63B684D1F96B1A000617549 /* Double+InRange.swift */ = {isa = PBXFileReference; lastKnownFileType = sourcecode.swift; path = "Double+InRange.swift"; sourceTree = "<group>"; };
		C63B684E1F96C29300617549 /* FlickrAPI.swift */ = {isa = PBXFileReference; lastKnownFileType = sourcecode.swift; path = FlickrAPI.swift; sourceTree = "<group>"; };
		C63B684F1F96C74000617549 /* Photo.swift */ = {isa = PBXFileReference; lastKnownFileType = sourcecode.swift; path = Photo.swift; sourceTree = "<group>"; };
		C63B68501F96C74000617549 /* PhotoList.swift */ = {isa = PBXFileReference; lastKnownFileType = sourcecode.swift; path = PhotoList.swift; sourceTree = "<group>"; };
		C63B68511F96C74100617549 /* PhotoResponse.swift */ = {isa = PBXFileReference; lastKnownFileType = sourcecode.swift; path = PhotoResponse.swift; sourceTree = "<group>"; };
		C63B68521F96C7B800617549 /* UdacityAPI.swift */ = {isa = PBXFileReference; lastKnownFileType = sourcecode.swift; path = UdacityAPI.swift; sourceTree = "<group>"; };
		C63B68541F96C7CA00617549 /* ParseAPI.swift */ = {isa = PBXFileReference; lastKnownFileType = sourcecode.swift; path = ParseAPI.swift; sourceTree = "<group>"; };
		C63B68561F96C7D800617549 /* FacebookAPI.swift */ = {isa = PBXFileReference; lastKnownFileType = sourcecode.swift; path = FacebookAPI.swift; sourceTree = "<group>"; };
		C65804F71FBE71D400FDE56C /* StudentLocations-OLD.swift */ = {isa = PBXFileReference; lastKnownFileType = sourcecode.swift; path = "StudentLocations-OLD.swift"; sourceTree = "<group>"; };
		C65AE7DC1FAFCF7C0046DEFB /* UdacityConveniences.swift */ = {isa = PBXFileReference; lastKnownFileType = sourcecode.swift; path = UdacityConveniences.swift; sourceTree = "<group>"; };
		C65AE7DE1FB0D2580046DEFB /* ConfirmVC.swift */ = {isa = PBXFileReference; lastKnownFileType = sourcecode.swift; path = ConfirmVC.swift; sourceTree = "<group>"; };
		C65AE7E01FB0F9A70046DEFB /* PushedVC.swift */ = {isa = PBXFileReference; lastKnownFileType = sourcecode.swift; path = PushedVC.swift; sourceTree = "<group>"; };
		C65AE7E21FB0FA340046DEFB /* SecondPushVC.swift */ = {isa = PBXFileReference; lastKnownFileType = sourcecode.swift; path = SecondPushVC.swift; sourceTree = "<group>"; };
		C65AE7E41FB104BD0046DEFB /* ActivityIndicatorOverlay.swift */ = {isa = PBXFileReference; lastKnownFileType = sourcecode.swift; path = ActivityIndicatorOverlay.swift; sourceTree = "<group>"; };
		C65AE8251FB275C90046DEFB /* UdacityAuthConveniences.swift */ = {isa = PBXFileReference; lastKnownFileType = sourcecode.swift; path = UdacityAuthConveniences.swift; sourceTree = "<group>"; };
		C66545FC1FCA59EA00ECEFE3 /* APIClient.swift */ = {isa = PBXFileReference; lastKnownFileType = sourcecode.swift; path = APIClient.swift; sourceTree = "<group>"; };
		C66545FE1FCA59F800ECEFE3 /* APIConstants.swift */ = {isa = PBXFileReference; lastKnownFileType = sourcecode.swift; path = APIConstants.swift; sourceTree = "<group>"; };
		C66546001FCA5B3400ECEFE3 /* UdacityPersonalData.swift */ = {isa = PBXFileReference; lastKnownFileType = sourcecode.swift; path = UdacityPersonalData.swift; sourceTree = "<group>"; };
		C66546021FCA5C2000ECEFE3 /* GCD.swift */ = {isa = PBXFileReference; lastKnownFileType = sourcecode.swift; path = GCD.swift; sourceTree = "<group>"; };
		C6A14CAB1FB2B05A008E9C6C /* TabBarControllerViewController.swift */ = {isa = PBXFileReference; lastKnownFileType = sourcecode.swift; path = TabBarControllerViewController.swift; sourceTree = "<group>"; };
		C6A14CAD1FB2B330008E9C6C /* NavBarController.swift */ = {isa = PBXFileReference; lastKnownFileType = sourcecode.swift; path = NavBarController.swift; sourceTree = "<group>"; };
		C6AA024D1F9E45F70035A572 /* AddLocationVC.swift */ = {isa = PBXFileReference; lastKnownFileType = sourcecode.swift; path = AddLocationVC.swift; sourceTree = "<group>"; };
		C6AA02551F9EB6E20035A572 /* UdacityClient.swift */ = {isa = PBXFileReference; lastKnownFileType = sourcecode.swift; path = UdacityClient.swift; sourceTree = "<group>"; };
		C6AA02571F9EB7210035A572 /* ParseClient.swift */ = {isa = PBXFileReference; lastKnownFileType = sourcecode.swift; path = ParseClient.swift; sourceTree = "<group>"; };
		C6AA02591F9EB7D60035A572 /* SearchViewController.swift */ = {isa = PBXFileReference; lastKnownFileType = sourcecode.swift; path = SearchViewController.swift; sourceTree = "<group>"; };
		C6AA026C1F9EB8320035A572 /* SearchDataSource.swift */ = {isa = PBXFileReference; lastKnownFileType = sourcecode.swift; path = SearchDataSource.swift; sourceTree = "<group>"; };
		C6AA026E1F9EB8EA0035A572 /* ParseConstants.swift */ = {isa = PBXFileReference; lastKnownFileType = sourcecode.swift; path = ParseConstants.swift; sourceTree = "<group>"; };
		C6AA02721F9EB9CE0035A572 /* GCDBlackbox.swift */ = {isa = PBXFileReference; lastKnownFileType = sourcecode.swift; path = GCDBlackbox.swift; sourceTree = "<group>"; };
		C6AA02761F9EBA720035A572 /* UdacityConvenience.swift */ = {isa = PBXFileReference; lastKnownFileType = sourcecode.swift; path = UdacityConvenience.swift; sourceTree = "<group>"; };
		C6AA027A1F9EBA7F0035A572 /* ParseConvenience.swift */ = {isa = PBXFileReference; lastKnownFileType = sourcecode.swift; path = ParseConvenience.swift; sourceTree = "<group>"; };
		C6DF8AAF1FD64DA40080B7E9 /* StudentLocations.swift */ = {isa = PBXFileReference; lastKnownFileType = sourcecode.swift; path = StudentLocations.swift; sourceTree = "<group>"; };
		C6DF8AB11FD650DD0080B7E9 /* Alerts.swift */ = {isa = PBXFileReference; lastKnownFileType = sourcecode.swift; path = Alerts.swift; sourceTree = "<group>"; };
		C6F30AA31FE83DAE00806721 /* StudentMapPins.swift */ = {isa = PBXFileReference; lastKnownFileType = sourcecode.swift; path = StudentMapPins.swift; sourceTree = "<group>"; };
/* End PBXFileReference section */

/* Begin PBXFrameworksBuildPhase section */
		C63B67FE1F96601A00617549 /* Frameworks */ = {
			isa = PBXFrameworksBuildPhase;
			buildActionMask = 2147483647;
			files = (
			);
			runOnlyForDeploymentPostprocessing = 0;
		};
		C63B68151F96601B00617549 /* Frameworks */ = {
			isa = PBXFrameworksBuildPhase;
			buildActionMask = 2147483647;
			files = (
			);
			runOnlyForDeploymentPostprocessing = 0;
		};
		C63B68201F96601B00617549 /* Frameworks */ = {
			isa = PBXFrameworksBuildPhase;
			buildActionMask = 2147483647;
			files = (
			);
			runOnlyForDeploymentPostprocessing = 0;
		};
/* End PBXFrameworksBuildPhase section */

/* Begin PBXGroup section */
		C63B67F81F96601A00617549 = {
			isa = PBXGroup;
			children = (
				C63B68031F96601A00617549 /* OnTheMap */,
				C63B681B1F96601B00617549 /* OnTheMapTests */,
				C63B68261F96601B00617549 /* OnTheMapUITests */,
				C63B68021F96601A00617549 /* Products */,
			);
			sourceTree = "<group>";
		};
		C63B68021F96601A00617549 /* Products */ = {
			isa = PBXGroup;
			children = (
				C63B68011F96601A00617549 /* OnTheMap.app */,
				C63B68181F96601B00617549 /* OnTheMapTests.xctest */,
				C63B68231F96601B00617549 /* OnTheMapUITests.xctest */,
			);
			name = Products;
			sourceTree = "<group>";
		};
		C63B68031F96601A00617549 /* OnTheMap */ = {
			isa = PBXGroup;
			children = (
				C63B68041F96601A00617549 /* AppDelegate.swift */,
				C6AA02721F9EB9CE0035A572 /* GCDBlackbox.swift */,
				C66546021FCA5C2000ECEFE3 /* GCD.swift */,
				C63B68081F96601A00617549 /* Main.storyboard */,
				C63B68411F96B09900617549 /* Models */,
				C63B68431F96B0B900617549 /* Views */,
				C63B68421F96B0A300617549 /* Controllers */,
				C63B68471F96B11200617549 /* Extensions */,
				C63B68061F96601A00617549 /* ViewController.swift */,
				C63B683D1F96944200617549 /* AlertMessage.swift */,
				C63B680E1F96601A00617549 /* Assets.xcassets */,
				C63B68101F96601A00617549 /* LaunchScreen.storyboard */,
				C63B68131F96601A00617549 /* Info.plist */,
				C63B680B1F96601A00617549 /* OnTheMap.xcdatamodeld */,
			);
			path = OnTheMap;
			sourceTree = "<group>";
		};
		C63B681B1F96601B00617549 /* OnTheMapTests */ = {
			isa = PBXGroup;
			children = (
				C63B681C1F96601B00617549 /* OnTheMapTests.swift */,
				C63B681E1F96601B00617549 /* Info.plist */,
			);
			path = OnTheMapTests;
			sourceTree = "<group>";
		};
		C63B68261F96601B00617549 /* OnTheMapUITests */ = {
			isa = PBXGroup;
			children = (
				C63B68271F96601B00617549 /* OnTheMapUITests.swift */,
				C63B68291F96601B00617549 /* Info.plist */,
			);
			path = OnTheMapUITests;
			sourceTree = "<group>";
		};
		C63B68411F96B09900617549 /* Models */ = {
			isa = PBXGroup;
			children = (
				C66546001FCA5B3400ECEFE3 /* UdacityPersonalData.swift */,
				C6F30AA31FE83DAE00806721 /* StudentMapPins.swift */,
				C6DF8AAF1FD64DA40080B7E9 /* StudentLocations.swift */,
				C65804F71FBE71D400FDE56C /* StudentLocations-OLD.swift */,
				C62B8EE21F9A6022003D37FD /* StudentLocation-OLD.swift */,
				C6AA02541F9EB64A0035A572 /* Parse */,
				C6AA02531F9EB63D0035A572 /* Udacity */,
				C63B684F1F96C74000617549 /* Photo.swift */,
				C63B68501F96C74000617549 /* PhotoList.swift */,
				C63B68511F96C74100617549 /* PhotoResponse.swift */,
			);
			path = Models;
			sourceTree = "<group>";
		};
		C63B68421F96B0A300617549 /* Controllers */ = {
			isa = PBXGroup;
			children = (
				C6A14CAD1FB2B330008E9C6C /* NavBarController.swift */,
				C63B683F1F96971100617549 /* LoginVC.swift */,
				C6A14CAB1FB2B05A008E9C6C /* TabBarControllerViewController.swift */,
				C63B68351F9669B000617549 /* ListVC.swift */,
				C63B68371F96752C00617549 /* MapVC.swift */,
				C6AA024D1F9E45F70035A572 /* AddLocationVC.swift */,
				C65AE7DE1FB0D2580046DEFB /* ConfirmVC.swift */,
				C63B68391F967F8900617549 /* TestVC.swift */,
				C65AE7E21FB0FA340046DEFB /* SecondPushVC.swift */,
				C65AE7E01FB0F9A70046DEFB /* PushedVC.swift */,
				C63B683B1F96914800617549 /* TestTextDelegate.swift */,
				C6AA02591F9EB7D60035A572 /* SearchViewController.swift */,
				C65AE7E41FB104BD0046DEFB /* ActivityIndicatorOverlay.swift */,
				C6DF8AB11FD650DD0080B7E9 /* Alerts.swift */,
				C63B68441F96B0DB00617549 /* API */,
				C63B68451F96B0E300617549 /* Operations */,
				C63B68461F96B0EC00617549 /* DataSources */,
			);
			path = Controllers;
			sourceTree = "<group>";
		};
		C63B68431F96B0B900617549 /* Views */ = {
			isa = PBXGroup;
			children = (
			);
			path = Views;
			sourceTree = "<group>";
		};
		C63B68441F96B0DB00617549 /* API */ = {
			isa = PBXGroup;
			children = (
				C63B684E1F96C29300617549 /* FlickrAPI.swift */,
				C63B68521F96C7B800617549 /* UdacityAPI.swift */,
				C63B68541F96C7CA00617549 /* ParseAPI.swift */,
				C63B68561F96C7D800617549 /* FacebookAPI.swift */,
				C6AA025B1F9EB8320035A572 /* DataSources */,
			);
			path = API;
			sourceTree = "<group>";
		};
		C63B68451F96B0E300617549 /* Operations */ = {
			isa = PBXGroup;
			children = (
				C63B684A1F96B18A00617549 /* OperationState.swift */,
				C63B68481F96B18900617549 /* BaseOperation.swift */,
				C63B684B1F96B18A00617549 /* FlickrFetchOperation.swift */,
				C63B68491F96B18900617549 /* FlickrParseOperation.swift */,
				C62B8EE41F9A6874003D37FD /* UdacityGetPostMethods.swift */,
			);
			path = Operations;
			sourceTree = "<group>";
		};
		C63B68461F96B0EC00617549 /* DataSources */ = {
			isa = PBXGroup;
			children = (
				C63B684C1F96B19800617549 /* SearchDataSource.swift */,
			);
			path = DataSources;
			sourceTree = "<group>";
		};
		C63B68471F96B11200617549 /* Extensions */ = {
			isa = PBXGroup;
			children = (
				C63B684D1F96B1A000617549 /* Double+InRange.swift */,
			);
			path = Extensions;
			sourceTree = "<group>";
		};
		C6AA02531F9EB63D0035A572 /* Udacity */ = {
			isa = PBXGroup;
			children = (
				C66545FC1FCA59EA00ECEFE3 /* APIClient.swift */,
				C66545FE1FCA59F800ECEFE3 /* APIConstants.swift */,
				C6AA02551F9EB6E20035A572 /* UdacityClient.swift */,
				C62B8EE61F9A69DD003D37FD /* UdacityConstants.swift */,
				C6AA02761F9EBA720035A572 /* UdacityConvenience.swift */,
				C65AE7DC1FAFCF7C0046DEFB /* UdacityConveniences.swift */,
				C65AE8251FB275C90046DEFB /* UdacityAuthConveniences.swift */,
			);
			path = Udacity;
			sourceTree = "<group>";
		};
		C6AA02541F9EB64A0035A572 /* Parse */ = {
			isa = PBXGroup;
			children = (
				C6AA02571F9EB7210035A572 /* ParseClient.swift */,
				C6AA027A1F9EBA7F0035A572 /* ParseConvenience.swift */,
				C6AA026E1F9EB8EA0035A572 /* ParseConstants.swift */,
			);
			path = Parse;
			sourceTree = "<group>";
		};
		C6AA025B1F9EB8320035A572 /* DataSources */ = {
			isa = PBXGroup;
			children = (
				C6AA026C1F9EB8320035A572 /* SearchDataSource.swift */,
			);
			path = DataSources;
			sourceTree = "<group>";
		};
/* End PBXGroup section */

/* Begin PBXNativeTarget section */
		C63B68001F96601A00617549 /* OnTheMap */ = {
			isa = PBXNativeTarget;
			buildConfigurationList = C63B682C1F96601B00617549 /* Build configuration list for PBXNativeTarget "OnTheMap" */;
			buildPhases = (
				C63B67FD1F96601A00617549 /* Sources */,
				C63B67FE1F96601A00617549 /* Frameworks */,
				C63B67FF1F96601A00617549 /* Resources */,
			);
			buildRules = (
			);
			dependencies = (
			);
			name = OnTheMap;
			productName = OnTheMap;
			productReference = C63B68011F96601A00617549 /* OnTheMap.app */;
			productType = "com.apple.product-type.application";
		};
		C63B68171F96601B00617549 /* OnTheMapTests */ = {
			isa = PBXNativeTarget;
			buildConfigurationList = C63B682F1F96601B00617549 /* Build configuration list for PBXNativeTarget "OnTheMapTests" */;
			buildPhases = (
				C63B68141F96601B00617549 /* Sources */,
				C63B68151F96601B00617549 /* Frameworks */,
				C63B68161F96601B00617549 /* Resources */,
			);
			buildRules = (
			);
			dependencies = (
				C63B681A1F96601B00617549 /* PBXTargetDependency */,
			);
			name = OnTheMapTests;
			productName = OnTheMapTests;
			productReference = C63B68181F96601B00617549 /* OnTheMapTests.xctest */;
			productType = "com.apple.product-type.bundle.unit-test";
		};
		C63B68221F96601B00617549 /* OnTheMapUITests */ = {
			isa = PBXNativeTarget;
			buildConfigurationList = C63B68321F96601B00617549 /* Build configuration list for PBXNativeTarget "OnTheMapUITests" */;
			buildPhases = (
				C63B681F1F96601B00617549 /* Sources */,
				C63B68201F96601B00617549 /* Frameworks */,
				C63B68211F96601B00617549 /* Resources */,
			);
			buildRules = (
			);
			dependencies = (
				C63B68251F96601B00617549 /* PBXTargetDependency */,
			);
			name = OnTheMapUITests;
			productName = OnTheMapUITests;
			productReference = C63B68231F96601B00617549 /* OnTheMapUITests.xctest */;
			productType = "com.apple.product-type.bundle.ui-testing";
		};
/* End PBXNativeTarget section */

/* Begin PBXProject section */
		C63B67F91F96601A00617549 /* Project object */ = {
			isa = PBXProject;
			attributes = {
				LastSwiftUpdateCheck = 0900;
				LastUpgradeCheck = 0900;
				ORGANIZATIONNAME = "Sean Goldsborough";
				TargetAttributes = {
					C63B68001F96601A00617549 = {
						CreatedOnToolsVersion = 9.0;
						ProvisioningStyle = Automatic;
					};
					C63B68171F96601B00617549 = {
						CreatedOnToolsVersion = 9.0;
						ProvisioningStyle = Automatic;
						TestTargetID = C63B68001F96601A00617549;
					};
					C63B68221F96601B00617549 = {
						CreatedOnToolsVersion = 9.0;
						ProvisioningStyle = Automatic;
						TestTargetID = C63B68001F96601A00617549;
					};
				};
			};
			buildConfigurationList = C63B67FC1F96601A00617549 /* Build configuration list for PBXProject "OnTheMap" */;
			compatibilityVersion = "Xcode 8.0";
			developmentRegion = en;
			hasScannedForEncodings = 0;
			knownRegions = (
				en,
				Base,
			);
			mainGroup = C63B67F81F96601A00617549;
			productRefGroup = C63B68021F96601A00617549 /* Products */;
			projectDirPath = "";
			projectRoot = "";
			targets = (
				C63B68001F96601A00617549 /* OnTheMap */,
				C63B68171F96601B00617549 /* OnTheMapTests */,
				C63B68221F96601B00617549 /* OnTheMapUITests */,
			);
		};
/* End PBXProject section */

/* Begin PBXResourcesBuildPhase section */
		C63B67FF1F96601A00617549 /* Resources */ = {
			isa = PBXResourcesBuildPhase;
			buildActionMask = 2147483647;
			files = (
				C63B68121F96601A00617549 /* LaunchScreen.storyboard in Resources */,
				C63B680F1F96601A00617549 /* Assets.xcassets in Resources */,
				C63B680A1F96601A00617549 /* Main.storyboard in Resources */,
			);
			runOnlyForDeploymentPostprocessing = 0;
		};
		C63B68161F96601B00617549 /* Resources */ = {
			isa = PBXResourcesBuildPhase;
			buildActionMask = 2147483647;
			files = (
			);
			runOnlyForDeploymentPostprocessing = 0;
		};
		C63B68211F96601B00617549 /* Resources */ = {
			isa = PBXResourcesBuildPhase;
			buildActionMask = 2147483647;
			files = (
			);
			runOnlyForDeploymentPostprocessing = 0;
		};
/* End PBXResourcesBuildPhase section */

/* Begin PBXSourcesBuildPhase section */
		C63B67FD1F96601A00617549 /* Sources */ = {
			isa = PBXSourcesBuildPhase;
			buildActionMask = 2147483647;
			files = (
				C6A14CAE1FB2B330008E9C6C /* NavBarController.swift in Sources */,
				C6AA027B1F9EBA7F0035A572 /* ParseConvenience.swift in Sources */,
				C66545FF1FCA59F800ECEFE3 /* APIConstants.swift in Sources */,
				C63B68381F96752C00617549 /* MapVC.swift in Sources */,
				C6AA02581F9EB7210035A572 /* ParseClient.swift in Sources */,
				C6DF8AB01FD64DA40080B7E9 /* StudentLocations.swift in Sources */,
				C62B8EE31F9A6022003D37FD /* StudentLocation-OLD.swift in Sources */,
				C66546031FCA5C2000ECEFE3 /* GCD.swift in Sources */,
				C66545FD1FCA59EA00ECEFE3 /* APIClient.swift in Sources */,
				C6AA026F1F9EB8EA0035A572 /* ParseConstants.swift in Sources */,
				C65AE7DF1FB0D2580046DEFB /* ConfirmVC.swift in Sources */,
				C63B68361F9669B000617549 /* ListVC.swift in Sources */,
				C6AA02771F9EBA720035A572 /* UdacityConvenience.swift in Sources */,
				C63B683E1F96944200617549 /* AlertMessage.swift in Sources */,
				C65AE7E51FB104BD0046DEFB /* ActivityIndicatorOverlay.swift in Sources */,
				C65AE7E31FB0FA340046DEFB /* SecondPushVC.swift in Sources */,
				C63B683C1F96914800617549 /* TestTextDelegate.swift in Sources */,
				C6A14CAC1FB2B05A008E9C6C /* TabBarControllerViewController.swift in Sources */,
				C63B68531F96C7B800617549 /* UdacityAPI.swift in Sources */,
				C6F30AA41FE83DAE00806721 /* StudentMapPins.swift in Sources */,
				C63B680D1F96601A00617549 /* OnTheMap.xcdatamodeld in Sources */,
				C6DF8AB21FD650DD0080B7E9 /* Alerts.swift in Sources */,
				C63B68401F96971100617549 /* LoginVC.swift in Sources */,
				C6AA02561F9EB6E20035A572 /* UdacityClient.swift in Sources */,
				C6AA025A1F9EB7D60035A572 /* SearchViewController.swift in Sources */,
				C63B68071F96601A00617549 /* ViewController.swift in Sources */,
				C6AA02731F9EB9CE0035A572 /* GCDBlackbox.swift in Sources */,
				C6AA024E1F9E45F70035A572 /* AddLocationVC.swift in Sources */,
				C63B68571F96C7D900617549 /* FacebookAPI.swift in Sources */,
				C63B683A1F967F8900617549 /* TestVC.swift in Sources */,
				C62B8EE71F9A69DD003D37FD /* UdacityConstants.swift in Sources */,
				C62B8EE51F9A6874003D37FD /* UdacityGetPostMethods.swift in Sources */,
				C66546011FCA5B3400ECEFE3 /* UdacityPersonalData.swift in Sources */,
				C65804F81FBE71D400FDE56C /* StudentLocations-OLD.swift in Sources */,
				C63B68551F96C7CA00617549 /* ParseAPI.swift in Sources */,
				C65AE7E11FB0F9A70046DEFB /* PushedVC.swift in Sources */,
				C63B68051F96601A00617549 /* AppDelegate.swift in Sources */,
				C65AE7DD1FAFCF7C0046DEFB /* UdacityConveniences.swift in Sources */,
				C65AE8261FB275CB0046DEFB /* UdacityAuthConveniences.swift in Sources */,
			);
			runOnlyForDeploymentPostprocessing = 0;
		};
		C63B68141F96601B00617549 /* Sources */ = {
			isa = PBXSourcesBuildPhase;
			buildActionMask = 2147483647;
			files = (
				C65804F41FBE6EF100FDE56C /* ParseClient.swift in Sources */,
				C6AA027C1F9EBA7F0035A572 /* ParseConvenience.swift in Sources */,
				C63B681D1F96601B00617549 /* OnTheMapTests.swift in Sources */,
				C6AA02741F9EB9CE0035A572 /* GCDBlackbox.swift in Sources */,
				C6AA02701F9EB8EA0035A572 /* ParseConstants.swift in Sources */,
				C6AA02781F9EBA720035A572 /* UdacityConvenience.swift in Sources */,
			);
			runOnlyForDeploymentPostprocessing = 0;
		};
		C63B681F1F96601B00617549 /* Sources */ = {
			isa = PBXSourcesBuildPhase;
			buildActionMask = 2147483647;
			files = (
				C65804F51FBE6EF300FDE56C /* ParseClient.swift in Sources */,
				C6AA027D1F9EBA7F0035A572 /* ParseConvenience.swift in Sources */,
				C63B68281F96601B00617549 /* OnTheMapUITests.swift in Sources */,
				C6AA02751F9EB9CE0035A572 /* GCDBlackbox.swift in Sources */,
				C6AA02711F9EB8EA0035A572 /* ParseConstants.swift in Sources */,
				C6AA02791F9EBA720035A572 /* UdacityConvenience.swift in Sources */,
			);
			runOnlyForDeploymentPostprocessing = 0;
		};
/* End PBXSourcesBuildPhase section */

/* Begin PBXTargetDependency section */
		C63B681A1F96601B00617549 /* PBXTargetDependency */ = {
			isa = PBXTargetDependency;
			target = C63B68001F96601A00617549 /* OnTheMap */;
			targetProxy = C63B68191F96601B00617549 /* PBXContainerItemProxy */;
		};
		C63B68251F96601B00617549 /* PBXTargetDependency */ = {
			isa = PBXTargetDependency;
			target = C63B68001F96601A00617549 /* OnTheMap */;
			targetProxy = C63B68241F96601B00617549 /* PBXContainerItemProxy */;
		};
/* End PBXTargetDependency section */

/* Begin PBXVariantGroup section */
		C63B68081F96601A00617549 /* Main.storyboard */ = {
			isa = PBXVariantGroup;
			children = (
				C63B68091F96601A00617549 /* Base */,
			);
			name = Main.storyboard;
			sourceTree = "<group>";
		};
		C63B68101F96601A00617549 /* LaunchScreen.storyboard */ = {
			isa = PBXVariantGroup;
			children = (
				C63B68111F96601A00617549 /* Base */,
			);
			name = LaunchScreen.storyboard;
			sourceTree = "<group>";
		};
/* End PBXVariantGroup section */

/* Begin XCBuildConfiguration section */
		C63B682A1F96601B00617549 /* Debug */ = {
			isa = XCBuildConfiguration;
			buildSettings = {
				ALWAYS_SEARCH_USER_PATHS = NO;
				CLANG_ANALYZER_NONNULL = YES;
				CLANG_ANALYZER_NUMBER_OBJECT_CONVERSION = YES_AGGRESSIVE;
				CLANG_CXX_LANGUAGE_STANDARD = "gnu++14";
				CLANG_CXX_LIBRARY = "libc++";
				CLANG_ENABLE_MODULES = YES;
				CLANG_ENABLE_OBJC_ARC = YES;
				CLANG_WARN_BLOCK_CAPTURE_AUTORELEASING = YES;
				CLANG_WARN_BOOL_CONVERSION = YES;
				CLANG_WARN_COMMA = YES;
				CLANG_WARN_CONSTANT_CONVERSION = YES;
				CLANG_WARN_DIRECT_OBJC_ISA_USAGE = YES_ERROR;
				CLANG_WARN_DOCUMENTATION_COMMENTS = YES;
				CLANG_WARN_EMPTY_BODY = YES;
				CLANG_WARN_ENUM_CONVERSION = YES;
				CLANG_WARN_INFINITE_RECURSION = YES;
				CLANG_WARN_INT_CONVERSION = YES;
				CLANG_WARN_NON_LITERAL_NULL_CONVERSION = YES;
				CLANG_WARN_OBJC_LITERAL_CONVERSION = YES;
				CLANG_WARN_OBJC_ROOT_CLASS = YES_ERROR;
				CLANG_WARN_RANGE_LOOP_ANALYSIS = YES;
				CLANG_WARN_STRICT_PROTOTYPES = YES;
				CLANG_WARN_SUSPICIOUS_MOVE = YES;
				CLANG_WARN_UNGUARDED_AVAILABILITY = YES_AGGRESSIVE;
				CLANG_WARN_UNREACHABLE_CODE = YES;
				CLANG_WARN__DUPLICATE_METHOD_MATCH = YES;
				CODE_SIGN_IDENTITY = "iPhone Developer";
				COPY_PHASE_STRIP = NO;
				DEBUG_INFORMATION_FORMAT = dwarf;
				ENABLE_STRICT_OBJC_MSGSEND = YES;
				ENABLE_TESTABILITY = YES;
				GCC_C_LANGUAGE_STANDARD = gnu11;
				GCC_DYNAMIC_NO_PIC = NO;
				GCC_NO_COMMON_BLOCKS = YES;
				GCC_OPTIMIZATION_LEVEL = 0;
				GCC_PREPROCESSOR_DEFINITIONS = (
					"DEBUG=1",
					"$(inherited)",
				);
				GCC_WARN_64_TO_32_BIT_CONVERSION = YES;
				GCC_WARN_ABOUT_RETURN_TYPE = YES_ERROR;
				GCC_WARN_UNDECLARED_SELECTOR = YES;
				GCC_WARN_UNINITIALIZED_AUTOS = YES_AGGRESSIVE;
				GCC_WARN_UNUSED_FUNCTION = YES;
				GCC_WARN_UNUSED_VARIABLE = YES;
				IPHONEOS_DEPLOYMENT_TARGET = 11.0;
				MTL_ENABLE_DEBUG_INFO = YES;
				ONLY_ACTIVE_ARCH = YES;
				SDKROOT = iphoneos;
				SWIFT_ACTIVE_COMPILATION_CONDITIONS = DEBUG;
				SWIFT_OPTIMIZATION_LEVEL = "-Onone";
			};
			name = Debug;
		};
		C63B682B1F96601B00617549 /* Release */ = {
			isa = XCBuildConfiguration;
			buildSettings = {
				ALWAYS_SEARCH_USER_PATHS = NO;
				CLANG_ANALYZER_NONNULL = YES;
				CLANG_ANALYZER_NUMBER_OBJECT_CONVERSION = YES_AGGRESSIVE;
				CLANG_CXX_LANGUAGE_STANDARD = "gnu++14";
				CLANG_CXX_LIBRARY = "libc++";
				CLANG_ENABLE_MODULES = YES;
				CLANG_ENABLE_OBJC_ARC = YES;
				CLANG_WARN_BLOCK_CAPTURE_AUTORELEASING = YES;
				CLANG_WARN_BOOL_CONVERSION = YES;
				CLANG_WARN_COMMA = YES;
				CLANG_WARN_CONSTANT_CONVERSION = YES;
				CLANG_WARN_DIRECT_OBJC_ISA_USAGE = YES_ERROR;
				CLANG_WARN_DOCUMENTATION_COMMENTS = YES;
				CLANG_WARN_EMPTY_BODY = YES;
				CLANG_WARN_ENUM_CONVERSION = YES;
				CLANG_WARN_INFINITE_RECURSION = YES;
				CLANG_WARN_INT_CONVERSION = YES;
				CLANG_WARN_NON_LITERAL_NULL_CONVERSION = YES;
				CLANG_WARN_OBJC_LITERAL_CONVERSION = YES;
				CLANG_WARN_OBJC_ROOT_CLASS = YES_ERROR;
				CLANG_WARN_RANGE_LOOP_ANALYSIS = YES;
				CLANG_WARN_STRICT_PROTOTYPES = YES;
				CLANG_WARN_SUSPICIOUS_MOVE = YES;
				CLANG_WARN_UNGUARDED_AVAILABILITY = YES_AGGRESSIVE;
				CLANG_WARN_UNREACHABLE_CODE = YES;
				CLANG_WARN__DUPLICATE_METHOD_MATCH = YES;
				CODE_SIGN_IDENTITY = "iPhone Developer";
				COPY_PHASE_STRIP = NO;
				DEBUG_INFORMATION_FORMAT = "dwarf-with-dsym";
				ENABLE_NS_ASSERTIONS = NO;
				ENABLE_STRICT_OBJC_MSGSEND = YES;
				GCC_C_LANGUAGE_STANDARD = gnu11;
				GCC_NO_COMMON_BLOCKS = YES;
				GCC_WARN_64_TO_32_BIT_CONVERSION = YES;
				GCC_WARN_ABOUT_RETURN_TYPE = YES_ERROR;
				GCC_WARN_UNDECLARED_SELECTOR = YES;
				GCC_WARN_UNINITIALIZED_AUTOS = YES_AGGRESSIVE;
				GCC_WARN_UNUSED_FUNCTION = YES;
				GCC_WARN_UNUSED_VARIABLE = YES;
				IPHONEOS_DEPLOYMENT_TARGET = 11.0;
				MTL_ENABLE_DEBUG_INFO = NO;
				SDKROOT = iphoneos;
				SWIFT_OPTIMIZATION_LEVEL = "-Owholemodule";
				VALIDATE_PRODUCT = YES;
			};
			name = Release;
		};
		C63B682D1F96601B00617549 /* Debug */ = {
			isa = XCBuildConfiguration;
			buildSettings = {
				ASSETCATALOG_COMPILER_APPICON_NAME = AppIcon;
				CODE_SIGN_STYLE = Automatic;
				DEVELOPMENT_TEAM = 3NA78F3F7G;
				INFOPLIST_FILE = OnTheMap/Info.plist;
				IPHONEOS_DEPLOYMENT_TARGET = 11.0;
				LD_RUNPATH_SEARCH_PATHS = "$(inherited) @executable_path/Frameworks";
				PRODUCT_BUNDLE_IDENTIFIER = com.sean.OnTheMap;
				PRODUCT_NAME = "$(TARGET_NAME)";
				SWIFT_VERSION = 4.0;
				TARGETED_DEVICE_FAMILY = "1,2";
			};
			name = Debug;
		};
		C63B682E1F96601B00617549 /* Release */ = {
			isa = XCBuildConfiguration;
			buildSettings = {
				ASSETCATALOG_COMPILER_APPICON_NAME = AppIcon;
				CODE_SIGN_STYLE = Automatic;
				DEVELOPMENT_TEAM = 3NA78F3F7G;
				INFOPLIST_FILE = OnTheMap/Info.plist;
				IPHONEOS_DEPLOYMENT_TARGET = 11.0;
				LD_RUNPATH_SEARCH_PATHS = "$(inherited) @executable_path/Frameworks";
				PRODUCT_BUNDLE_IDENTIFIER = com.sean.OnTheMap;
				PRODUCT_NAME = "$(TARGET_NAME)";
				SWIFT_VERSION = 4.0;
				TARGETED_DEVICE_FAMILY = "1,2";
			};
			name = Release;
		};
		C63B68301F96601B00617549 /* Debug */ = {
			isa = XCBuildConfiguration;
			buildSettings = {
				ALWAYS_EMBED_SWIFT_STANDARD_LIBRARIES = YES;
				BUNDLE_LOADER = "$(TEST_HOST)";
				CODE_SIGN_STYLE = Automatic;
				DEVELOPMENT_TEAM = 3NA78F3F7G;
				INFOPLIST_FILE = OnTheMapTests/Info.plist;
				LD_RUNPATH_SEARCH_PATHS = "$(inherited) @executable_path/Frameworks @loader_path/Frameworks";
				PRODUCT_BUNDLE_IDENTIFIER = com.sean.OnTheMapTests;
				PRODUCT_NAME = "$(TARGET_NAME)";
				SWIFT_VERSION = 4.0;
				TARGETED_DEVICE_FAMILY = "1,2";
				TEST_HOST = "$(BUILT_PRODUCTS_DIR)/OnTheMap.app/OnTheMap";
			};
			name = Debug;
		};
		C63B68311F96601B00617549 /* Release */ = {
			isa = XCBuildConfiguration;
			buildSettings = {
				ALWAYS_EMBED_SWIFT_STANDARD_LIBRARIES = YES;
				BUNDLE_LOADER = "$(TEST_HOST)";
				CODE_SIGN_STYLE = Automatic;
				DEVELOPMENT_TEAM = 3NA78F3F7G;
				INFOPLIST_FILE = OnTheMapTests/Info.plist;
				LD_RUNPATH_SEARCH_PATHS = "$(inherited) @executable_path/Frameworks @loader_path/Frameworks";
				PRODUCT_BUNDLE_IDENTIFIER = com.sean.OnTheMapTests;
				PRODUCT_NAME = "$(TARGET_NAME)";
				SWIFT_VERSION = 4.0;
				TARGETED_DEVICE_FAMILY = "1,2";
				TEST_HOST = "$(BUILT_PRODUCTS_DIR)/OnTheMap.app/OnTheMap";
			};
			name = Release;
		};
		C63B68331F96601B00617549 /* Debug */ = {
			isa = XCBuildConfiguration;
			buildSettings = {
				ALWAYS_EMBED_SWIFT_STANDARD_LIBRARIES = YES;
				CODE_SIGN_STYLE = Automatic;
				DEVELOPMENT_TEAM = 3NA78F3F7G;
				INFOPLIST_FILE = OnTheMapUITests/Info.plist;
				LD_RUNPATH_SEARCH_PATHS = "$(inherited) @executable_path/Frameworks @loader_path/Frameworks";
				PRODUCT_BUNDLE_IDENTIFIER = com.sean.OnTheMapUITests;
				PRODUCT_NAME = "$(TARGET_NAME)";
				SWIFT_VERSION = 4.0;
				TARGETED_DEVICE_FAMILY = "1,2";
				TEST_TARGET_NAME = OnTheMap;
			};
			name = Debug;
		};
		C63B68341F96601B00617549 /* Release */ = {
			isa = XCBuildConfiguration;
			buildSettings = {
				ALWAYS_EMBED_SWIFT_STANDARD_LIBRARIES = YES;
				CODE_SIGN_STYLE = Automatic;
				DEVELOPMENT_TEAM = 3NA78F3F7G;
				INFOPLIST_FILE = OnTheMapUITests/Info.plist;
				LD_RUNPATH_SEARCH_PATHS = "$(inherited) @executable_path/Frameworks @loader_path/Frameworks";
				PRODUCT_BUNDLE_IDENTIFIER = com.sean.OnTheMapUITests;
				PRODUCT_NAME = "$(TARGET_NAME)";
				SWIFT_VERSION = 4.0;
				TARGETED_DEVICE_FAMILY = "1,2";
				TEST_TARGET_NAME = OnTheMap;
			};
			name = Release;
		};
/* End XCBuildConfiguration section */

/* Begin XCConfigurationList section */
		C63B67FC1F96601A00617549 /* Build configuration list for PBXProject "OnTheMap" */ = {
			isa = XCConfigurationList;
			buildConfigurations = (
				C63B682A1F96601B00617549 /* Debug */,
				C63B682B1F96601B00617549 /* Release */,
			);
			defaultConfigurationIsVisible = 0;
			defaultConfigurationName = Release;
		};
		C63B682C1F96601B00617549 /* Build configuration list for PBXNativeTarget "OnTheMap" */ = {
			isa = XCConfigurationList;
			buildConfigurations = (
				C63B682D1F96601B00617549 /* Debug */,
				C63B682E1F96601B00617549 /* Release */,
			);
			defaultConfigurationIsVisible = 0;
			defaultConfigurationName = Release;
		};
		C63B682F1F96601B00617549 /* Build configuration list for PBXNativeTarget "OnTheMapTests" */ = {
			isa = XCConfigurationList;
			buildConfigurations = (
				C63B68301F96601B00617549 /* Debug */,
				C63B68311F96601B00617549 /* Release */,
			);
			defaultConfigurationIsVisible = 0;
			defaultConfigurationName = Release;
		};
		C63B68321F96601B00617549 /* Build configuration list for PBXNativeTarget "OnTheMapUITests" */ = {
			isa = XCConfigurationList;
			buildConfigurations = (
				C63B68331F96601B00617549 /* Debug */,
				C63B68341F96601B00617549 /* Release */,
			);
			defaultConfigurationIsVisible = 0;
			defaultConfigurationName = Release;
		};
/* End XCConfigurationList section */

/* Begin XCVersionGroup section */
		C63B680B1F96601A00617549 /* OnTheMap.xcdatamodeld */ = {
			isa = XCVersionGroup;
			children = (
				C63B680C1F96601A00617549 /* OnTheMap.xcdatamodel */,
			);
			currentVersion = C63B680C1F96601A00617549 /* OnTheMap.xcdatamodel */;
			path = OnTheMap.xcdatamodeld;
			sourceTree = "<group>";
			versionGroupType = wrapper.xcdatamodel;
		};
/* End XCVersionGroup section */
	};
	rootObject = C63B67F91F96601A00617549 /* Project object */;
}
